// !$*UTF8*$!
{
	archiveVersion = 1;
	classes = {
	};
	objectVersion = 46;
	objects = {

/* Begin PBXBuildFile section */
		AFCBA3701BDDFA8800F6E31A /* Settings.m in Sources */ = {isa = PBXBuildFile; fileRef = AFCBA36F1BDDFA8800F6E31A /* Settings.m */; };
		AFF21B0E1BCF517B00ADF5B6 /* main.m in Sources */ = {isa = PBXBuildFile; fileRef = AFF21B0D1BCF517B00ADF5B6 /* main.m */; };
		AFF21B111BCF517B00ADF5B6 /* AppDelegate.m in Sources */ = {isa = PBXBuildFile; fileRef = AFF21B101BCF517B00ADF5B6 /* AppDelegate.m */; };
		AFF21B141BCF517B00ADF5B6 /* ViewController.m in Sources */ = {isa = PBXBuildFile; fileRef = AFF21B131BCF517B00ADF5B6 /* ViewController.m */; };
		AFF21B171BCF517B00ADF5B6 /* Main.storyboard in Resources */ = {isa = PBXBuildFile; fileRef = AFF21B151BCF517B00ADF5B6 /* Main.storyboard */; };
		AFF21B191BCF517B00ADF5B6 /* Images.xcassets in Resources */ = {isa = PBXBuildFile; fileRef = AFF21B181BCF517B00ADF5B6 /* Images.xcassets */; };
		AFF21B1C1BCF517B00ADF5B6 /* LaunchScreen.xib in Resources */ = {isa = PBXBuildFile; fileRef = AFF21B1A1BCF517B00ADF5B6 /* LaunchScreen.xib */; };
		AFF21B331BDDCF1E00ADF5B6 /* Parse.framework in Frameworks */ = {isa = PBXBuildFile; fileRef = AFF21B321BDDCF1E00ADF5B6 /* Parse.framework */; settings = {ATTRIBUTES = (Required, ); }; };
		AFF21B351BDDCF8500ADF5B6 /* AudioToolbox.framework in Frameworks */ = {isa = PBXBuildFile; fileRef = AFF21B341BDDCF8500ADF5B6 /* AudioToolbox.framework */; };
		AFF21B371BDDCFA400ADF5B6 /* CFNetwork.framework in Frameworks */ = {isa = PBXBuildFile; fileRef = AFF21B361BDDCFA400ADF5B6 /* CFNetwork.framework */; };
		AFF21B391BDDCFB100ADF5B6 /* CoreGraphics.framework in Frameworks */ = {isa = PBXBuildFile; fileRef = AFF21B381BDDCFB100ADF5B6 /* CoreGraphics.framework */; };
		AFF21B3B1BDDCFBF00ADF5B6 /* CoreLocation.framework in Frameworks */ = {isa = PBXBuildFile; fileRef = AFF21B3A1BDDCFBF00ADF5B6 /* CoreLocation.framework */; };
		AFF21B3D1BDDCFD800ADF5B6 /* libz.1.1.3.dylib in Frameworks */ = {isa = PBXBuildFile; fileRef = AFF21B3C1BDDCFD800ADF5B6 /* libz.1.1.3.dylib */; };
		AFF21B3F1BDDCFF400ADF5B6 /* MobileCoreServices.framework in Frameworks */ = {isa = PBXBuildFile; fileRef = AFF21B3E1BDDCFF400ADF5B6 /* MobileCoreServices.framework */; };
		AFF21B411BDDD02800ADF5B6 /* QuartzCore.framework in Frameworks */ = {isa = PBXBuildFile; fileRef = AFF21B401BDDD02800ADF5B6 /* QuartzCore.framework */; };
		AFF21B431BDDD03200ADF5B6 /* Security.framework in Frameworks */ = {isa = PBXBuildFile; fileRef = AFF21B421BDDD03200ADF5B6 /* Security.framework */; };
		AFF21B451BDDD04100ADF5B6 /* StoreKit.framework in Frameworks */ = {isa = PBXBuildFile; fileRef = AFF21B441BDDD04100ADF5B6 /* StoreKit.framework */; };
		AFF21B471BDDD04C00ADF5B6 /* SystemConfiguration.framework in Frameworks */ = {isa = PBXBuildFile; fileRef = AFF21B461BDDD04C00ADF5B6 /* SystemConfiguration.framework */; };
		AFF21B491BDDD8C000ADF5B6 /* libsqlite3.dylib in Frameworks */ = {isa = PBXBuildFile; fileRef = AFF21B481BDDD8C000ADF5B6 /* libsqlite3.dylib */; };
		AFF21B4B1BDDDA2600ADF5B6 /* Bolts.framework in Frameworks */ = {isa = PBXBuildFile; fileRef = AFF21B4A1BDDDA2600ADF5B6 /* Bolts.framework */; };
/* End PBXBuildFile section */

/* Begin PBXContainerItemProxy section */
		AFF21B221BCF517B00ADF5B6 /* PBXContainerItemProxy */ = {
			isa = PBXContainerItemProxy;
			containerPortal = AFF21B001BCF517B00ADF5B6 /* Project object */;
			proxyType = 1;
			remoteGlobalIDString = AFF21B071BCF517B00ADF5B6;
			remoteInfo = ConferenceApp;
		};
/* End PBXContainerItemProxy section */

/* Begin PBXFileReference section */
		AFCBA36E1BDDFA8800F6E31A /* Settings.h */ = {isa = PBXFileReference; fileEncoding = 4; lastKnownFileType = sourcecode.c.h; path = Settings.h; sourceTree = "<group>"; };
		AFCBA36F1BDDFA8800F6E31A /* Settings.m */ = {isa = PBXFileReference; fileEncoding = 4; lastKnownFileType = sourcecode.c.objc; path = Settings.m; sourceTree = "<group>"; };
		AFF21B081BCF517B00ADF5B6 /* ConferenceApp.app */ = {isa = PBXFileReference; explicitFileType = wrapper.application; includeInIndex = 0; path = ConferenceApp.app; sourceTree = BUILT_PRODUCTS_DIR; };
		AFF21B0C1BCF517B00ADF5B6 /* Info.plist */ = {isa = PBXFileReference; lastKnownFileType = text.plist.xml; path = Info.plist; sourceTree = "<group>"; };
		AFF21B0D1BCF517B00ADF5B6 /* main.m */ = {isa = PBXFileReference; lastKnownFileType = sourcecode.c.objc; path = main.m; sourceTree = "<group>"; };
		AFF21B0F1BCF517B00ADF5B6 /* AppDelegate.h */ = {isa = PBXFileReference; lastKnownFileType = sourcecode.c.h; path = AppDelegate.h; sourceTree = "<group>"; };
		AFF21B101BCF517B00ADF5B6 /* AppDelegate.m */ = {isa = PBXFileReference; lastKnownFileType = sourcecode.c.objc; path = AppDelegate.m; sourceTree = "<group>"; };
		AFF21B121BCF517B00ADF5B6 /* ViewController.h */ = {isa = PBXFileReference; lastKnownFileType = sourcecode.c.h; path = ViewController.h; sourceTree = "<group>"; };
		AFF21B131BCF517B00ADF5B6 /* ViewController.m */ = {isa = PBXFileReference; lastKnownFileType = sourcecode.c.objc; path = ViewController.m; sourceTree = "<group>"; };
		AFF21B161BCF517B00ADF5B6 /* Base */ = {isa = PBXFileReference; lastKnownFileType = file.storyboard; name = Base; path = Base.lproj/Main.storyboard; sourceTree = "<group>"; };
		AFF21B181BCF517B00ADF5B6 /* Images.xcassets */ = {isa = PBXFileReference; lastKnownFileType = folder.assetcatalog; path = Images.xcassets; sourceTree = "<group>"; };
		AFF21B1B1BCF517B00ADF5B6 /* Base */ = {isa = PBXFileReference; lastKnownFileType = file.xib; name = Base; path = Base.lproj/LaunchScreen.xib; sourceTree = "<group>"; };
		AFF21B211BCF517B00ADF5B6 /* ConferenceAppTests.xctest */ = {isa = PBXFileReference; explicitFileType = wrapper.cfbundle; includeInIndex = 0; path = ConferenceAppTests.xctest; sourceTree = BUILT_PRODUCTS_DIR; };
		AFF21B321BDDCF1E00ADF5B6 /* Parse.framework */ = {isa = PBXFileReference; lastKnownFileType = wrapper.framework; name = Parse.framework; path = "../../../../Downloads/parse-library-1.9.0/Parse.framework"; sourceTree = "<group>"; };
		AFF21B341BDDCF8500ADF5B6 /* AudioToolbox.framework */ = {isa = PBXFileReference; lastKnownFileType = wrapper.framework; name = AudioToolbox.framework; path = System/Library/Frameworks/AudioToolbox.framework; sourceTree = SDKROOT; };
		AFF21B361BDDCFA400ADF5B6 /* CFNetwork.framework */ = {isa = PBXFileReference; lastKnownFileType = wrapper.framework; name = CFNetwork.framework; path = System/Library/Frameworks/CFNetwork.framework; sourceTree = SDKROOT; };
		AFF21B381BDDCFB100ADF5B6 /* CoreGraphics.framework */ = {isa = PBXFileReference; lastKnownFileType = wrapper.framework; name = CoreGraphics.framework; path = System/Library/Frameworks/CoreGraphics.framework; sourceTree = SDKROOT; };
		AFF21B3A1BDDCFBF00ADF5B6 /* CoreLocation.framework */ = {isa = PBXFileReference; lastKnownFileType = wrapper.framework; name = CoreLocation.framework; path = System/Library/Frameworks/CoreLocation.framework; sourceTree = SDKROOT; };
		AFF21B3C1BDDCFD800ADF5B6 /* libz.1.1.3.dylib */ = {isa = PBXFileReference; lastKnownFileType = "compiled.mach-o.dylib"; name = libz.1.1.3.dylib; path = usr/lib/libz.1.1.3.dylib; sourceTree = SDKROOT; };
		AFF21B3E1BDDCFF400ADF5B6 /* MobileCoreServices.framework */ = {isa = PBXFileReference; lastKnownFileType = wrapper.framework; name = MobileCoreServices.framework; path = System/Library/Frameworks/MobileCoreServices.framework; sourceTree = SDKROOT; };
		AFF21B401BDDD02800ADF5B6 /* QuartzCore.framework */ = {isa = PBXFileReference; lastKnownFileType = wrapper.framework; name = QuartzCore.framework; path = System/Library/Frameworks/QuartzCore.framework; sourceTree = SDKROOT; };
		AFF21B421BDDD03200ADF5B6 /* Security.framework */ = {isa = PBXFileReference; lastKnownFileType = wrapper.framework; name = Security.framework; path = System/Library/Frameworks/Security.framework; sourceTree = SDKROOT; };
		AFF21B441BDDD04100ADF5B6 /* StoreKit.framework */ = {isa = PBXFileReference; lastKnownFileType = wrapper.framework; name = StoreKit.framework; path = System/Library/Frameworks/StoreKit.framework; sourceTree = SDKROOT; };
		AFF21B461BDDD04C00ADF5B6 /* SystemConfiguration.framework */ = {isa = PBXFileReference; lastKnownFileType = wrapper.framework; name = SystemConfiguration.framework; path = System/Library/Frameworks/SystemConfiguration.framework; sourceTree = SDKROOT; };
		AFF21B481BDDD8C000ADF5B6 /* libsqlite3.dylib */ = {isa = PBXFileReference; lastKnownFileType = "compiled.mach-o.dylib"; name = libsqlite3.dylib; path = usr/lib/libsqlite3.dylib; sourceTree = SDKROOT; };
		AFF21B4A1BDDDA2600ADF5B6 /* Bolts.framework */ = {isa = PBXFileReference; lastKnownFileType = wrapper.framework; name = Bolts.framework; path = "../../../../Downloads/parse-library-1.9.0/Bolts.framework"; sourceTree = "<group>"; };
/* End PBXFileReference section */

/* Begin PBXFrameworksBuildPhase section */
		AFF21B051BCF517B00ADF5B6 /* Frameworks */ = {
			isa = PBXFrameworksBuildPhase;
			buildActionMask = 2147483647;
			files = (
				AFF21B491BDDD8C000ADF5B6 /* libsqlite3.dylib in Frameworks */,
				AFF21B471BDDD04C00ADF5B6 /* SystemConfiguration.framework in Frameworks */,
				AFF21B451BDDD04100ADF5B6 /* StoreKit.framework in Frameworks */,
				AFF21B431BDDD03200ADF5B6 /* Security.framework in Frameworks */,
				AFF21B411BDDD02800ADF5B6 /* QuartzCore.framework in Frameworks */,
				AFF21B3F1BDDCFF400ADF5B6 /* MobileCoreServices.framework in Frameworks */,
				AFF21B3D1BDDCFD800ADF5B6 /* libz.1.1.3.dylib in Frameworks */,
				AFF21B4B1BDDDA2600ADF5B6 /* Bolts.framework in Frameworks */,
				AFF21B3B1BDDCFBF00ADF5B6 /* CoreLocation.framework in Frameworks */,
				AFF21B391BDDCFB100ADF5B6 /* CoreGraphics.framework in Frameworks */,
				AFF21B371BDDCFA400ADF5B6 /* CFNetwork.framework in Frameworks */,
				AFF21B331BDDCF1E00ADF5B6 /* Parse.framework in Frameworks */,
				AFF21B351BDDCF8500ADF5B6 /* AudioToolbox.framework in Frameworks */,
			);
			runOnlyForDeploymentPostprocessing = 0;
		};
		AFF21B1E1BCF517B00ADF5B6 /* Frameworks */ = {
			isa = PBXFrameworksBuildPhase;
			buildActionMask = 2147483647;
			files = (
			);
			runOnlyForDeploymentPostprocessing = 0;
		};
/* End PBXFrameworksBuildPhase section */

/* Begin PBXGroup section */
		AFF21AFF1BCF517B00ADF5B6 = {
			isa = PBXGroup;
			children = (
				AFF21B0A1BCF517B00ADF5B6 /* ConferenceApp */,
				AFF21B091BCF517B00ADF5B6 /* Products */,
			);
			sourceTree = "<group>";
		};
		AFF21B091BCF517B00ADF5B6 /* Products */ = {
			isa = PBXGroup;
			children = (
				AFF21B081BCF517B00ADF5B6 /* ConferenceApp.app */,
				AFF21B211BCF517B00ADF5B6 /* ConferenceAppTests.xctest */,
			);
			name = Products;
			sourceTree = "<group>";
		};
		AFF21B0A1BCF517B00ADF5B6 /* ConferenceApp */ = {
			isa = PBXGroup;
			children = (
				AFCBA36F1BDDFA8800F6E31A /* Settings.m */,
				AFCBA36E1BDDFA8800F6E31A /* Settings.h */,
				AFF21B311BDDCE3300ADF5B6 /* Frameworks */,
				AFF21B0F1BCF517B00ADF5B6 /* AppDelegate.h */,
				AFF21B101BCF517B00ADF5B6 /* AppDelegate.m */,
				AFF21B121BCF517B00ADF5B6 /* ViewController.h */,
				AFF21B131BCF517B00ADF5B6 /* ViewController.m */,
				AFF21B151BCF517B00ADF5B6 /* Main.storyboard */,
				AFF21B181BCF517B00ADF5B6 /* Images.xcassets */,
				AFF21B1A1BCF517B00ADF5B6 /* LaunchScreen.xib */,
				AFF21B0B1BCF517B00ADF5B6 /* Supporting Files */,
			);
			path = ConferenceApp;
			sourceTree = "<group>";
		};
		AFF21B0B1BCF517B00ADF5B6 /* Supporting Files */ = {
			isa = PBXGroup;
			children = (
				AFF21B0C1BCF517B00ADF5B6 /* Info.plist */,
				AFF21B0D1BCF517B00ADF5B6 /* main.m */,
			);
			name = "Supporting Files";
			sourceTree = "<group>";
		};
		AFF21B311BDDCE3300ADF5B6 /* Frameworks */ = {
			isa = PBXGroup;
			children = (
				AFF21B4A1BDDDA2600ADF5B6 /* Bolts.framework */,
				AFF21B481BDDD8C000ADF5B6 /* libsqlite3.dylib */,
				AFF21B461BDDD04C00ADF5B6 /* SystemConfiguration.framework */,
				AFF21B441BDDD04100ADF5B6 /* StoreKit.framework */,
				AFF21B421BDDD03200ADF5B6 /* Security.framework */,
				AFF21B401BDDD02800ADF5B6 /* QuartzCore.framework */,
				AFF21B3E1BDDCFF400ADF5B6 /* MobileCoreServices.framework */,
				AFF21B3C1BDDCFD800ADF5B6 /* libz.1.1.3.dylib */,
				AFF21B3A1BDDCFBF00ADF5B6 /* CoreLocation.framework */,
				AFF21B381BDDCFB100ADF5B6 /* CoreGraphics.framework */,
				AFF21B361BDDCFA400ADF5B6 /* CFNetwork.framework */,
				AFF21B341BDDCF8500ADF5B6 /* AudioToolbox.framework */,
				AFF21B321BDDCF1E00ADF5B6 /* Parse.framework */,
			);
			name = Frameworks;
			sourceTree = "<group>";
		};
/* End PBXGroup section */

/* Begin PBXNativeTarget section */
		AFF21B071BCF517B00ADF5B6 /* ConferenceApp */ = {
			isa = PBXNativeTarget;
			buildConfigurationList = AFF21B2B1BCF517B00ADF5B6 /* Build configuration list for PBXNativeTarget "ConferenceApp" */;
			buildPhases = (
				AFF21B041BCF517B00ADF5B6 /* Sources */,
				AFF21B051BCF517B00ADF5B6 /* Frameworks */,
				AFF21B061BCF517B00ADF5B6 /* Resources */,
			);
			buildRules = (
			);
			dependencies = (
			);
			name = ConferenceApp;
			productName = ConferenceApp;
			productReference = AFF21B081BCF517B00ADF5B6 /* ConferenceApp.app */;
			productType = "com.apple.product-type.application";
		};
		AFF21B201BCF517B00ADF5B6 /* ConferenceAppTests */ = {
			isa = PBXNativeTarget;
			buildConfigurationList = AFF21B2E1BCF517B00ADF5B6 /* Build configuration list for PBXNativeTarget "ConferenceAppTests" */;
			buildPhases = (
				AFF21B1D1BCF517B00ADF5B6 /* Sources */,
				AFF21B1E1BCF517B00ADF5B6 /* Frameworks */,
				AFF21B1F1BCF517B00ADF5B6 /* Resources */,
			);
			buildRules = (
			);
			dependencies = (
				AFF21B231BCF517B00ADF5B6 /* PBXTargetDependency */,
			);
			name = ConferenceAppTests;
			productName = ConferenceAppTests;
			productReference = AFF21B211BCF517B00ADF5B6 /* ConferenceAppTests.xctest */;
			productType = "com.apple.product-type.bundle.unit-test";
		};
/* End PBXNativeTarget section */

/* Begin PBXProject section */
		AFF21B001BCF517B00ADF5B6 /* Project object */ = {
			isa = PBXProject;
			attributes = {
				LastUpgradeCheck = 0640;
				ORGANIZATIONNAME = Students;
				TargetAttributes = {
					AFF21B071BCF517B00ADF5B6 = {
						CreatedOnToolsVersion = 6.4;
					};
					AFF21B201BCF517B00ADF5B6 = {
						CreatedOnToolsVersion = 6.4;
						TestTargetID = AFF21B071BCF517B00ADF5B6;
					};
				};
			};
			buildConfigurationList = AFF21B031BCF517B00ADF5B6 /* Build configuration list for PBXProject "ConferenceApp" */;
			compatibilityVersion = "Xcode 3.2";
			developmentRegion = English;
			hasScannedForEncodings = 0;
			knownRegions = (
				en,
				Base,
			);
			mainGroup = AFF21AFF1BCF517B00ADF5B6;
			productRefGroup = AFF21B091BCF517B00ADF5B6 /* Products */;
			projectDirPath = "";
			projectRoot = "";
			targets = (
				AFF21B071BCF517B00ADF5B6 /* ConferenceApp */,
				AFF21B201BCF517B00ADF5B6 /* ConferenceAppTests */,
			);
		};
/* End PBXProject section */

/* Begin PBXResourcesBuildPhase section */
		AFF21B061BCF517B00ADF5B6 /* Resources */ = {
			isa = PBXResourcesBuildPhase;
			buildActionMask = 2147483647;
			files = (
				AFF21B171BCF517B00ADF5B6 /* Main.storyboard in Resources */,
				AFF21B1C1BCF517B00ADF5B6 /* LaunchScreen.xib in Resources */,
				AFF21B191BCF517B00ADF5B6 /* Images.xcassets in Resources */,
			);
			runOnlyForDeploymentPostprocessing = 0;
		};
		AFF21B1F1BCF517B00ADF5B6 /* Resources */ = {
			isa = PBXResourcesBuildPhase;
			buildActionMask = 2147483647;
			files = (
			);
			runOnlyForDeploymentPostprocessing = 0;
		};
/* End PBXResourcesBuildPhase section */

/* Begin PBXSourcesBuildPhase section */
		AFF21B041BCF517B00ADF5B6 /* Sources */ = {
			isa = PBXSourcesBuildPhase;
			buildActionMask = 2147483647;
			files = (
				AFF21B141BCF517B00ADF5B6 /* ViewController.m in Sources */,
				AFF21B111BCF517B00ADF5B6 /* AppDelegate.m in Sources */,
				AFCBA3701BDDFA8800F6E31A /* Settings.m in Sources */,
				AFF21B0E1BCF517B00ADF5B6 /* main.m in Sources */,
			);
			runOnlyForDeploymentPostprocessing = 0;
		};
		AFF21B1D1BCF517B00ADF5B6 /* Sources */ = {
			isa = PBXSourcesBuildPhase;
			buildActionMask = 2147483647;
			files = (
			);
			runOnlyForDeploymentPostprocessing = 0;
		};
/* End PBXSourcesBuildPhase section */

/* Begin PBXTargetDependency section */
		AFF21B231BCF517B00ADF5B6 /* PBXTargetDependency */ = {
			isa = PBXTargetDependency;
			target = AFF21B071BCF517B00ADF5B6 /* ConferenceApp */;
			targetProxy = AFF21B221BCF517B00ADF5B6 /* PBXContainerItemProxy */;
		};
/* End PBXTargetDependency section */

/* Begin PBXVariantGroup section */
		AFF21B151BCF517B00ADF5B6 /* Main.storyboard */ = {
			isa = PBXVariantGroup;
			children = (
				AFF21B161BCF517B00ADF5B6 /* Base */,
			);
			name = Main.storyboard;
			sourceTree = "<group>";
		};
		AFF21B1A1BCF517B00ADF5B6 /* LaunchScreen.xib */ = {
			isa = PBXVariantGroup;
			children = (
				AFF21B1B1BCF517B00ADF5B6 /* Base */,
			);
			name = LaunchScreen.xib;
			sourceTree = "<group>";
		};
/* End PBXVariantGroup section */

/* Begin XCBuildConfiguration section */
		AFF21B291BCF517B00ADF5B6 /* Debug */ = {
			isa = XCBuildConfiguration;
			buildSettings = {
				ALWAYS_SEARCH_USER_PATHS = NO;
				CLANG_CXX_LANGUAGE_STANDARD = "gnu++0x";
				CLANG_CXX_LIBRARY = "libc++";
				CLANG_ENABLE_MODULES = YES;
				CLANG_ENABLE_OBJC_ARC = YES;
				CLANG_WARN_BOOL_CONVERSION = YES;
				CLANG_WARN_CONSTANT_CONVERSION = YES;
				CLANG_WARN_DIRECT_OBJC_ISA_USAGE = YES_ERROR;
				CLANG_WARN_EMPTY_BODY = YES;
				CLANG_WARN_ENUM_CONVERSION = YES;
				CLANG_WARN_INT_CONVERSION = YES;
				CLANG_WARN_OBJC_ROOT_CLASS = YES_ERROR;
				CLANG_WARN_UNREACHABLE_CODE = YES;
				CLANG_WARN__DUPLICATE_METHOD_MATCH = YES;
				"CODE_SIGN_IDENTITY[sdk=iphoneos*]" = "iPhone Developer";
				COPY_PHASE_STRIP = NO;
				DEBUG_INFORMATION_FORMAT = "dwarf-with-dsym";
				ENABLE_STRICT_OBJC_MSGSEND = YES;
				GCC_C_LANGUAGE_STANDARD = gnu99;
				GCC_DYNAMIC_NO_PIC = NO;
				GCC_NO_COMMON_BLOCKS = YES;
				GCC_OPTIMIZATION_LEVEL = 0;
				GCC_PREPROCESSOR_DEFINITIONS = (
					"DEBUG=1",
					"$(inherited)",
				);
				GCC_SYMBOLS_PRIVATE_EXTERN = NO;
				GCC_WARN_64_TO_32_BIT_CONVERSION = YES;
				GCC_WARN_ABOUT_RETURN_TYPE = YES_ERROR;
				GCC_WARN_UNDECLARED_SELECTOR = YES;
				GCC_WARN_UNINITIALIZED_AUTOS = YES_AGGRESSIVE;
				GCC_WARN_UNUSED_FUNCTION = YES;
				GCC_WARN_UNUSED_VARIABLE = YES;
				IPHONEOS_DEPLOYMENT_TARGET = 8.4;
				MTL_ENABLE_DEBUG_INFO = YES;
				ONLY_ACTIVE_ARCH = YES;
				SDKROOT = iphoneos;
				TARGETED_DEVICE_FAMILY = "1,2";
			};
			name = Debug;
		};
		AFF21B2A1BCF517B00ADF5B6 /* Release */ = {
			isa = XCBuildConfiguration;
			buildSettings = {
				ALWAYS_SEARCH_USER_PATHS = NO;
				CLANG_CXX_LANGUAGE_STANDARD = "gnu++0x";
				CLANG_CXX_LIBRARY = "libc++";
				CLANG_ENABLE_MODULES = YES;
				CLANG_ENABLE_OBJC_ARC = YES;
				CLANG_WARN_BOOL_CONVERSION = YES;
				CLANG_WARN_CONSTANT_CONVERSION = YES;
				CLANG_WARN_DIRECT_OBJC_ISA_USAGE = YES_ERROR;
				CLANG_WARN_EMPTY_BODY = YES;
				CLANG_WARN_ENUM_CONVERSION = YES;
				CLANG_WARN_INT_CONVERSION = YES;
				CLANG_WARN_OBJC_ROOT_CLASS = YES_ERROR;
				CLANG_WARN_UNREACHABLE_CODE = YES;
				CLANG_WARN__DUPLICATE_METHOD_MATCH = YES;
				"CODE_SIGN_IDENTITY[sdk=iphoneos*]" = "iPhone Developer";
				COPY_PHASE_STRIP = NO;
				DEBUG_INFORMATION_FORMAT = "dwarf-with-dsym";
				ENABLE_NS_ASSERTIONS = NO;
				ENABLE_STRICT_OBJC_MSGSEND = YES;
				GCC_C_LANGUAGE_STANDARD = gnu99;
				GCC_NO_COMMON_BLOCKS = YES;
				GCC_WARN_64_TO_32_BIT_CONVERSION = YES;
				GCC_WARN_ABOUT_RETURN_TYPE = YES_ERROR;
				GCC_WARN_UNDECLARED_SELECTOR = YES;
				GCC_WARN_UNINITIALIZED_AUTOS = YES_AGGRESSIVE;
				GCC_WARN_UNUSED_FUNCTION = YES;
				GCC_WARN_UNUSED_VARIABLE = YES;
				IPHONEOS_DEPLOYMENT_TARGET = 8.4;
				MTL_ENABLE_DEBUG_INFO = NO;
				SDKROOT = iphoneos;
				TARGETED_DEVICE_FAMILY = "1,2";
				VALIDATE_PRODUCT = YES;
			};
			name = Release;
		};
		AFF21B2C1BCF517B00ADF5B6 /* Debug */ = {
			isa = XCBuildConfiguration;
			buildSettings = {
				ASSETCATALOG_COMPILER_APPICON_NAME = AppIcon;
				FRAMEWORK_SEARCH_PATHS = (
					"$(inherited)",
					"/Users/Students/Downloads/parse-library-1.9.0",
				);
				INFOPLIST_FILE = ConferenceApp/Info.plist;
				LD_RUNPATH_SEARCH_PATHS = "$(inherited) @executable_path/Frameworks";
				PRODUCT_NAME = "$(TARGET_NAME)";
			};
			name = Debug;
		};
		AFF21B2D1BCF517B00ADF5B6 /* Release */ = {
			isa = XCBuildConfiguration;
			buildSettings = {
				ASSETCATALOG_COMPILER_APPICON_NAME = AppIcon;
				FRAMEWORK_SEARCH_PATHS = (
					"$(inherited)",
					"/Users/Students/Downloads/parse-library-1.9.0",
				);
				INFOPLIST_FILE = ConferenceApp/Info.plist;
				LD_RUNPATH_SEARCH_PATHS = "$(inherited) @executable_path/Frameworks";
				PRODUCT_NAME = "$(TARGET_NAME)";
			};
			name = Release;
		};
		AFF21B2F1BCF517B00ADF5B6 /* Debug */ = {
			isa = XCBuildConfiguration;
			buildSettings = {
				BUNDLE_LOADER = "$(TEST_HOST)";
				FRAMEWORK_SEARCH_PATHS = (
					"$(SDKROOT)/Developer/Library/Frameworks",
					"$(inherited)",
				);
				GCC_PREPROCESSOR_DEFINITIONS = (
					"DEBUG=1",
					"$(inherited)",
				);
				INFOPLIST_FILE = ConferenceAppTests/Info.plist;
				LD_RUNPATH_SEARCH_PATHS = "$(inherited) @executable_path/Frameworks @loader_path/Frameworks";
				PRODUCT_NAME = "$(TARGET_NAME)";
				TEST_HOST = "$(BUILT_PRODUCTS_DIR)/ConferenceApp.app/ConferenceApp";
			};
			name = Debug;
		};
		AFF21B301BCF517B00ADF5B6 /* Release */ = {
			isa = XCBuildConfiguration;
			buildSettings = {
				BUNDLE_LOADER = "$(TEST_HOST)";
				FRAMEWORK_SEARCH_PATHS = (
					"$(SDKROOT)/Developer/Library/Frameworks",
					"$(inherited)",
				);
				INFOPLIST_FILE = ConferenceAppTests/Info.plist;
				LD_RUNPATH_SEARCH_PATHS = "$(inherited) @executable_path/Frameworks @loader_path/Frameworks";
				PRODUCT_NAME = "$(TARGET_NAME)";
				TEST_HOST = "$(BUILT_PRODUCTS_DIR)/ConferenceApp.app/ConferenceApp";
			};
			name = Release;
		};
/* End XCBuildConfiguration section */

/* Begin XCConfigurationList section */
		AFF21B031BCF517B00ADF5B6 /* Build configuration list for PBXProject "ConferenceApp" */ = {
			isa = XCConfigurationList;
			buildConfigurations = (
				AFF21B291BCF517B00ADF5B6 /* Debug */,
				AFF21B2A1BCF517B00ADF5B6 /* Release */,
			);
			defaultConfigurationIsVisible = 0;
			defaultConfigurationName = Release;
		};
		AFF21B2B1BCF517B00ADF5B6 /* Build configuration list for PBXNativeTarget "ConferenceApp" */ = {
			isa = XCConfigurationList;
			buildConfigurations = (
				AFF21B2C1BCF517B00ADF5B6 /* Debug */,
				AFF21B2D1BCF517B00ADF5B6 /* Release */,
			);
			defaultConfigurationIsVisible = 0;
			defaultConfigurationName = Release;
		};
		AFF21B2E1BCF517B00ADF5B6 /* Build configuration list for PBXNativeTarget "ConferenceAppTests" */ = {
			isa = XCConfigurationList;
			buildConfigurations = (
				AFF21B2F1BCF517B00ADF5B6 /* Debug */,
				AFF21B301BCF517B00ADF5B6 /* Release */,
			);
			defaultConfigurationIsVisible = 0;
			defaultConfigurationName = Release;
		};
/* End XCConfigurationList section */
	};
	rootObject = AFF21B001BCF517B00ADF5B6 /* Project object */;
}
